
Microsoft Visual Studio Solution File, Format Version 12.00
# Visual Studio Version 16
VisualStudioVersion = 16.0.32228.343
MinimumVisualStudioVersion = 10.0.40219.1
Project("{2150E333-8FDC-42A3-9474-1A3956D46DE8}") = "Sample", "Sample", "{2238F7C0-21FF-4C16-96D7-5D7A43497FC3}"
EndProject
Project("{FAE04EC0-301F-11D3-BF4B-00C04F79EFBC}") = "ConsoleApp0411", "Sample\ConsoleApp0411\ConsoleApp0411.csproj", "{30B24D20-AC66-4B1D-A6A9-58084C39B672}"
EndProject
Project("{FAE04EC0-301F-11D3-BF4B-00C04F79EFBC}") = "WindowsFormsApp1", "Sample\WindowsFormsApp1\WindowsFormsApp1.csproj", "{19A0A9AC-684E-4FF5-8957-7336EEDAB53B}"
EndProject
Project("{FAE04EC0-301F-11D3-BF4B-00C04F79EFBC}") = "BallApp", "Sample\BallApp\BallApp.csproj", "{6E12030E-606E-4949-BFAC-5A5A1F94E75E}"
EndProject
Project("{2150E333-8FDC-42A3-9474-1A3956D46DE8}") = "Chapter01", "Chapter01", "{B6121D87-29AD-4E9E-AF70-1940A4550D19}"
EndProject
Project("{FAE04EC0-301F-11D3-BF4B-00C04F79EFBC}") = "ProductSample", "Chapter01\Product\ProductSample.csproj", "{5868125E-911F-4C61-A222-F45129AF8BD5}"
EndProject
Project("{2150E333-8FDC-42A3-9474-1A3956D46DE8}") = "Chapter02", "Chapter02", "{CB724F4C-0241-47DF-9F0A-8EE7B874985E}"
EndProject
Project("{2150E333-8FDC-42A3-9474-1A3956D46DE8}") = "距離換算プログラム", "距離換算プログラム", "{5FD6C0C6-059E-49BB-8DBD-B50C8F2EE5C1}"
EndProject
Project("{FAE04EC0-301F-11D3-BF4B-00C04F79EFBC}") = "DistanceConveter", "Chapter02\距離換算プログラム\DistanceConveter\DistanceConveter.csproj", "{090EBAD7-9F6D-4A0E-AC93-81CA6F68E1ED}"
EndProject
Project("{2150E333-8FDC-42A3-9474-1A3956D46DE8}") = "売り上げ集計プログラム", "売り上げ集計プログラム", "{84A511CE-56A7-48F9-A632-54763BD550E5}"
EndProject
Project("{FAE04EC0-301F-11D3-BF4B-00C04F79EFBC}") = "SalesCalculator", "Chapter02\売り上げ集計プログラム\SalesCalculator\SalesCalculator.csproj", "{513821E5-BE39-4516-9921-766D501DDC82}"
EndProject
Project("{2150E333-8FDC-42A3-9474-1A3956D46DE8}") = "演習問題", "演習問題", "{3587B906-9022-4352-90A4-55B285E1DEB1}"
EndProject
Project("{FAE04EC0-301F-11D3-BF4B-00C04F79EFBC}") = "Exercise01", "Chapter02\演習問題\Exercise01\Exercise01.csproj", "{5753DFA6-BDFD-4A21-BF50-15A7F66FA8FD}"
EndProject
Project("{FAE04EC0-301F-11D3-BF4B-00C04F79EFBC}") = "Exercise02", "Chapter02\演習問題\Exercise02\Exercise02.csproj", "{22390885-2718-4B2B-BEB6-FF6B5C3F870F}"
EndProject
Project("{FAE04EC0-301F-11D3-BF4B-00C04F79EFBC}") = "Exercise03", "Chapter02\演習問題\Exercise03\Exercise03\Exercise03.csproj", "{B5764BD4-72C1-4E52-98F1-E9857579AD79}"
EndProject
Project("{2150E333-8FDC-42A3-9474-1A3956D46DE8}") = "Chapter03", "Chapter03", "{9F4E6B94-BF80-46CC-B49B-99FB9ECBB517}"
EndProject
Project("{2150E333-8FDC-42A3-9474-1A3956D46DE8}") = "Chapter03", "Chapter03", "{FFE557E8-5598-482D-BC0C-E16EDCE6A7FE}"
EndProject
Project("{FAE04EC0-301F-11D3-BF4B-00C04F79EFBC}") = "Section01", "Chapter03\Section01\Section01.csproj", "{CF51B97F-EF2B-4461-B47D-5FA77E3D9219}"
EndProject
Project("{FAE04EC0-301F-11D3-BF4B-00C04F79EFBC}") = "Section03", "Chapter03\Section03\Section03.csproj", "{4DBEB27A-C70A-402B-97FD-C018CF5DE33F}"
EndProject
Project("{FAE04EC0-301F-11D3-BF4B-00C04F79EFBC}") = "Section04", "Chapter03\Section04\Section04.csproj", "{9677C76E-A12A-4B06-B603-E642F34F3058}"
EndProject
Project("{2150E333-8FDC-42A3-9474-1A3956D46DE8}") = "演習問題", "演習問題", "{46A221EB-9221-4FC5-A386-64E63101AEEB}"
EndProject
Project("{FAE04EC0-301F-11D3-BF4B-00C04F79EFBC}") = "Exercise01", "Chapter03\演習問題\Exercise01\Exercise01.csproj", "{C7674361-3D01-428D-8D9E-23E465D4A1F6}"
EndProject
Project("{FAE04EC0-301F-11D3-BF4B-00C04F79EFBC}") = "Exercise02", "Chapter03\演習問題\Exercise02\Exercise02.csproj", "{3326EC94-0548-4431-A109-27FB90DC52F4}"
EndProject
Project("{2150E333-8FDC-42A3-9474-1A3956D46DE8}") = "Chapter04", "Chapter04", "{C248D3F7-38E6-4C00-B5E3-6405226749EF}"
EndProject
Project("{2150E333-8FDC-42A3-9474-1A3956D46DE8}") = "P115_条件演算子・null合体演算子", "P115_条件演算子・null合体演算子", "{D8094D17-4057-4E49-9390-5956B2ACC2CC}"
EndProject
Project("{FAE04EC0-301F-11D3-BF4B-00C04F79EFBC}") = "Section04", "Chapter04\条件演算子・null合体演算子\Section04\Section04.csproj", "{D1E19970-ED5C-448D-898F-0A98B93224A8}"
EndProject
Project("{2150E333-8FDC-42A3-9474-1A3956D46DE8}") = "P126_TryParse", "P126_TryParse", "{9B3A75E7-F7F5-4556-981E-121DCC5D6C94}"
EndProject
Project("{FAE04EC0-301F-11D3-BF4B-00C04F79EFBC}") = "Section07", "Chapter04\TryParse\Section07\Section07.csproj", "{75A7F209-9DCF-4E5F-9AEE-0C63DD288FEC}"
EndProject
Project("{2150E333-8FDC-42A3-9474-1A3956D46DE8}") = "演習問題", "演習問題", "{BFDEBC99-23D2-43D0-86AD-A2DDCDE5230B}"
EndProject
Project("{FAE04EC0-301F-11D3-BF4B-00C04F79EFBC}") = "Exercise01", "Chapter04\演習問題\Exercise01\Exercise01.csproj", "{17CDCA10-F80B-4BE9-BDC6-F9193A3F230B}"
EndProject
Project("{FAE04EC0-301F-11D3-BF4B-00C04F79EFBC}") = "Exercise02", "Chapter04\演習問題\Exercise02\Exercise02.csproj", "{DE35A70C-8BC2-405F-BBFB-A3345ED57BD8}"
EndProject
Project("{2150E333-8FDC-42A3-9474-1A3956D46DE8}") = "Chapter05", "Chapter05", "{B25B0B3B-49DC-4AB6-BDF7-ACC0BBA0BA7C}"
EndProject
Project("{FAE04EC0-301F-11D3-BF4B-00C04F79EFBC}") = "Exercise01", "Chapter05\演習問題\Exercise01\Exercise01.csproj", "{62DE4967-594F-417A-BBAB-44C31112F02D}"
EndProject
Project("{FAE04EC0-301F-11D3-BF4B-00C04F79EFBC}") = "Exercise02", "Chapter05\演習問題\Exercise02\Exercise02.csproj", "{84F94B1B-1E93-4241-9733-9707BD8AD247}"
EndProject
Project("{FAE04EC0-301F-11D3-BF4B-00C04F79EFBC}") = "Exercise03", "Chapter05\演習問題\Exercise03\Exercise03.csproj", "{CE287B0F-7194-44C3-AFE0-ECE5D157D3FC}"
EndProject
Project("{FAE04EC0-301F-11D3-BF4B-00C04F79EFBC}") = "Exercise04", "Chapter05\演習問題\Exercise04\Exercise04.csproj", "{22236321-864F-47D2-B772-789F89F50DD0}"
EndProject
Project("{2150E333-8FDC-42A3-9474-1A3956D46DE8}") = "Chapter06", "Chapter06", "{6678D6D9-442B-4AEB-BF99-C1D76A14B438}"
EndProject
Project("{FAE04EC0-301F-11D3-BF4B-00C04F79EFBC}") = "Section01", "Chapter06\Section01\Section01.csproj", "{4B10C4F9-FC86-4EC0-B148-12F8FD72A98A}"
EndProject
Project("{FAE04EC0-301F-11D3-BF4B-00C04F79EFBC}") = "Section02", "Chapter06\Section02\Section02.csproj", "{C173110B-DB0C-4344-A9C3-9764FCC250F5}"
EndProject
Project("{2150E333-8FDC-42A3-9474-1A3956D46DE8}") = "演習問題", "演習問題", "{6BDD0D4F-C349-4443-B18A-E66AFC21195C}"
EndProject
Project("{FAE04EC0-301F-11D3-BF4B-00C04F79EFBC}") = "Exercise01", "Chapter06\演習問題\Exercise01\Exercise01.csproj", "{47C1EA9D-40CA-4B71-8396-97133B2462C1}"
EndProject
Project("{FAE04EC0-301F-11D3-BF4B-00C04F79EFBC}") = "Exercise02", "Chapter06\演習問題\Exercise02\Exercise02.csproj", "{07B08E94-0E67-4EBD-8275-A29B34791346}"
EndProject
Project("{2150E333-8FDC-42A3-9474-1A3956D46DE8}") = "試験01", "試験01", "{6A2B46B9-8BBE-4D6A-BC39-8BCE33E881A8}"
EndProject
Project("{FAE04EC0-301F-11D3-BF4B-00C04F79EFBC}") = "Test01", "TestProject\Test01\Test01.csproj", "{2BFACDC3-F44D-4199-8498-F5C3C4AC0335}"
EndProject
Project("{FAE04EC0-301F-11D3-BF4B-00C04F79EFBC}") = "Test02", "TestProject\Test02\Test02.csproj", "{E461C0A8-8900-485C-B520-E929BA33F712}"
EndProject
Project("{2150E333-8FDC-42A3-9474-1A3956D46DE8}") = "Chapter07", "Chapter07", "{CBBE94AD-9C7E-4516-96F2-D4BB1315FF74}"
EndProject
Project("{FAE04EC0-301F-11D3-BF4B-00C04F79EFBC}") = "Section01", "Chapter07\Section01\Section01.csproj", "{0C04847F-4527-46CA-B55F-1199E2F0CDA2}"
EndProject
Project("{FAE04EC0-301F-11D3-BF4B-00C04F79EFBC}") = "Section02", "Chapter07\Section02\Section02.csproj", "{CBAD162E-7FA9-4B0F-8C11-8671FE973A44}"
EndProject
Project("{FAE04EC0-301F-11D3-BF4B-00C04F79EFBC}") = "Section03", "Chapter07\Section03\Section03.csproj", "{15D78CA0-3E71-4081-B92E-0F8404B68438}"
EndProject
Project("{2150E333-8FDC-42A3-9474-1A3956D46DE8}") = "演習問題", "演習問題", "{812D7A65-B687-4EB5-AB2C-7BDE5305C35A}"
EndProject
Project("{FAE04EC0-301F-11D3-BF4B-00C04F79EFBC}") = "Exercis01", "Chapter07\演習問題\Exercis01\Exercis01.csproj", "{007DF01A-8036-4A5F-8287-98863BA1F8F0}"
EndProject
Project("{FAE04EC0-301F-11D3-BF4B-00C04F79EFBC}") = "Exercise02", "Chapter07\演習問題\Exercise02\Exercise02.csproj", "{DC8BC901-D656-4553-9792-E6E5ACB5BC8D}"
EndProject
Project("{2150E333-8FDC-42A3-9474-1A3956D46DE8}") = "Chapter08", "Chapter08", "{475175BC-D88D-4FA4-A430-1331FAB6DEF4}"
EndProject
Project("{2150E333-8FDC-42A3-9474-1A3956D46DE8}") = "演習問題", "演習問題", "{0846B665-D50B-43EA-90E1-79E702510C8D}"
EndProject
Project("{FAE04EC0-301F-11D3-BF4B-00C04F79EFBC}") = "Exercise01", "Chapter08\演習問題\Exercise01\Exercise01.csproj", "{CFA8F174-07B3-4439-8B0B-373E392BA1A6}"
EndProject
Project("{FAE04EC0-301F-11D3-BF4B-00C04F79EFBC}") = "Exercise02", "Chapter08\演習問題\Exercise02\Exercise02.csproj", "{2971B446-BC37-412C-A8A3-7E138962EE1B}"
EndProject
Project("{FAE04EC0-301F-11D3-BF4B-00C04F79EFBC}") = "Exercise03", "Chapter08\演習問題\Exercise03\Exercise03.csproj", "{332D0E38-E9A7-4151-A970-2956BC36F11E}"
EndProject
Project("{2150E333-8FDC-42A3-9474-1A3956D46DE8}") = "フォームアプリケーション", "フォームアプリケーション", "{89CCE181-AE98-4EFC-8156-5CDD6EBC4D3B}"
EndProject
Project("{FAE04EC0-301F-11D3-BF4B-00C04F79EFBC}") = "CalendarApp", "Chapter08\フォームアプリケーション\CalendarApp\CalendarApp.csproj", "{F32B500D-2971-4FEA-A46D-F4A266B8AEEA}"
EndProject
Project("{2150E333-8FDC-42A3-9474-1A3956D46DE8}") = "FormApps", "FormApps", "{92EC7880-838D-4C39-B648-0C7312400BC0}"
EndProject
Project("{FAE04EC0-301F-11D3-BF4B-00C04F79EFBC}") = "CarReportSystem", "FormApps\CarReportSystem\CarReportSystem.csproj", "{BD3D0A5C-949B-45DA-A7BC-F0F3D887BD79}"
EndProject
Project("{2150E333-8FDC-42A3-9474-1A3956D46DE8}") = "Chapter13", "Chapter13", "{14392208-DE77-4644-B074-9FD0D80F53FC}"
EndProject
Project("{FAE04EC0-301F-11D3-BF4B-00C04F79EFBC}") = "SampleEntityFramework", "Chapter13\SampleEntityFramework\SampleEntityFramework.csproj", "{7A8B87C1-07DC-4CD0-864D-B6DB50521FFB}"
EndProject
Project("{2150E333-8FDC-42A3-9474-1A3956D46DE8}") = "Chapter14", "Chapter14", "{1BF280C8-65E7-4722-ADDD-849198C21F25}"
EndProject
Project("{FAE04EC0-301F-11D3-BF4B-00C04F79EFBC}") = "Section01", "Chapter14\Section01\Section01.csproj", "{ACE83F9D-AA61-4D14-BA81-B52DAA12706F}"
EndProject
Project("{FAE04EC0-301F-11D3-BF4B-00C04F79EFBC}") = "Section02", "Chapter14\Section02\Section02.csproj", "{4D937857-6619-4F16-B523-5F2B15D440B5}"
EndProject
Project("{FAE04EC0-301F-11D3-BF4B-00C04F79EFBC}") = "Section04", "Chapter14\Section04\Section04.csproj", "{FF5FDF98-776C-43E6-86B9-B8B2B8A8720C}"
EndProject
Project("{FAE04EC0-301F-11D3-BF4B-00C04F79EFBC}") = "RssReader", "FormApps\RssReader\RssReader.csproj", "{531F94B5-375F-48E6-9897-8B1BFD2F8798}"
EndProject
Global
	GlobalSection(SolutionConfigurationPlatforms) = preSolution
		Debug|Any CPU = Debug|Any CPU
		Release|Any CPU = Release|Any CPU
	EndGlobalSection
	GlobalSection(ProjectConfigurationPlatforms) = postSolution
		{30B24D20-AC66-4B1D-A6A9-58084C39B672}.Debug|Any CPU.ActiveCfg = Debug|Any CPU
		{30B24D20-AC66-4B1D-A6A9-58084C39B672}.Debug|Any CPU.Build.0 = Debug|Any CPU
		{30B24D20-AC66-4B1D-A6A9-58084C39B672}.Release|Any CPU.ActiveCfg = Release|Any CPU
		{30B24D20-AC66-4B1D-A6A9-58084C39B672}.Release|Any CPU.Build.0 = Release|Any CPU
		{19A0A9AC-684E-4FF5-8957-7336EEDAB53B}.Debug|Any CPU.ActiveCfg = Debug|Any CPU
		{19A0A9AC-684E-4FF5-8957-7336EEDAB53B}.Debug|Any CPU.Build.0 = Debug|Any CPU
		{19A0A9AC-684E-4FF5-8957-7336EEDAB53B}.Release|Any CPU.ActiveCfg = Release|Any CPU
		{19A0A9AC-684E-4FF5-8957-7336EEDAB53B}.Release|Any CPU.Build.0 = Release|Any CPU
		{6E12030E-606E-4949-BFAC-5A5A1F94E75E}.Debug|Any CPU.ActiveCfg = Debug|Any CPU
		{6E12030E-606E-4949-BFAC-5A5A1F94E75E}.Debug|Any CPU.Build.0 = Debug|Any CPU
		{6E12030E-606E-4949-BFAC-5A5A1F94E75E}.Release|Any CPU.ActiveCfg = Release|Any CPU
		{6E12030E-606E-4949-BFAC-5A5A1F94E75E}.Release|Any CPU.Build.0 = Release|Any CPU
		{5868125E-911F-4C61-A222-F45129AF8BD5}.Debug|Any CPU.ActiveCfg = Debug|Any CPU
		{5868125E-911F-4C61-A222-F45129AF8BD5}.Debug|Any CPU.Build.0 = Debug|Any CPU
		{5868125E-911F-4C61-A222-F45129AF8BD5}.Release|Any CPU.ActiveCfg = Release|Any CPU
		{5868125E-911F-4C61-A222-F45129AF8BD5}.Release|Any CPU.Build.0 = Release|Any CPU
		{090EBAD7-9F6D-4A0E-AC93-81CA6F68E1ED}.Debug|Any CPU.ActiveCfg = Debug|Any CPU
		{090EBAD7-9F6D-4A0E-AC93-81CA6F68E1ED}.Debug|Any CPU.Build.0 = Debug|Any CPU
		{090EBAD7-9F6D-4A0E-AC93-81CA6F68E1ED}.Release|Any CPU.ActiveCfg = Release|Any CPU
		{090EBAD7-9F6D-4A0E-AC93-81CA6F68E1ED}.Release|Any CPU.Build.0 = Release|Any CPU
		{513821E5-BE39-4516-9921-766D501DDC82}.Debug|Any CPU.ActiveCfg = Debug|Any CPU
		{513821E5-BE39-4516-9921-766D501DDC82}.Debug|Any CPU.Build.0 = Debug|Any CPU
		{513821E5-BE39-4516-9921-766D501DDC82}.Release|Any CPU.ActiveCfg = Release|Any CPU
		{513821E5-BE39-4516-9921-766D501DDC82}.Release|Any CPU.Build.0 = Release|Any CPU
		{5753DFA6-BDFD-4A21-BF50-15A7F66FA8FD}.Debug|Any CPU.ActiveCfg = Debug|Any CPU
		{5753DFA6-BDFD-4A21-BF50-15A7F66FA8FD}.Debug|Any CPU.Build.0 = Debug|Any CPU
		{5753DFA6-BDFD-4A21-BF50-15A7F66FA8FD}.Release|Any CPU.ActiveCfg = Release|Any CPU
		{5753DFA6-BDFD-4A21-BF50-15A7F66FA8FD}.Release|Any CPU.Build.0 = Release|Any CPU
		{22390885-2718-4B2B-BEB6-FF6B5C3F870F}.Debug|Any CPU.ActiveCfg = Debug|Any CPU
		{22390885-2718-4B2B-BEB6-FF6B5C3F870F}.Debug|Any CPU.Build.0 = Debug|Any CPU
		{22390885-2718-4B2B-BEB6-FF6B5C3F870F}.Release|Any CPU.ActiveCfg = Release|Any CPU
		{22390885-2718-4B2B-BEB6-FF6B5C3F870F}.Release|Any CPU.Build.0 = Release|Any CPU
		{B5764BD4-72C1-4E52-98F1-E9857579AD79}.Debug|Any CPU.ActiveCfg = Debug|Any CPU
		{B5764BD4-72C1-4E52-98F1-E9857579AD79}.Debug|Any CPU.Build.0 = Debug|Any CPU
		{B5764BD4-72C1-4E52-98F1-E9857579AD79}.Release|Any CPU.ActiveCfg = Release|Any CPU
		{B5764BD4-72C1-4E52-98F1-E9857579AD79}.Release|Any CPU.Build.0 = Release|Any CPU
		{CF51B97F-EF2B-4461-B47D-5FA77E3D9219}.Debug|Any CPU.ActiveCfg = Debug|Any CPU
		{CF51B97F-EF2B-4461-B47D-5FA77E3D9219}.Debug|Any CPU.Build.0 = Debug|Any CPU
		{CF51B97F-EF2B-4461-B47D-5FA77E3D9219}.Release|Any CPU.ActiveCfg = Release|Any CPU
		{CF51B97F-EF2B-4461-B47D-5FA77E3D9219}.Release|Any CPU.Build.0 = Release|Any CPU
		{4DBEB27A-C70A-402B-97FD-C018CF5DE33F}.Debug|Any CPU.ActiveCfg = Debug|Any CPU
		{4DBEB27A-C70A-402B-97FD-C018CF5DE33F}.Debug|Any CPU.Build.0 = Debug|Any CPU
		{4DBEB27A-C70A-402B-97FD-C018CF5DE33F}.Release|Any CPU.ActiveCfg = Release|Any CPU
		{4DBEB27A-C70A-402B-97FD-C018CF5DE33F}.Release|Any CPU.Build.0 = Release|Any CPU
		{9677C76E-A12A-4B06-B603-E642F34F3058}.Debug|Any CPU.ActiveCfg = Debug|Any CPU
		{9677C76E-A12A-4B06-B603-E642F34F3058}.Debug|Any CPU.Build.0 = Debug|Any CPU
		{9677C76E-A12A-4B06-B603-E642F34F3058}.Release|Any CPU.ActiveCfg = Release|Any CPU
		{9677C76E-A12A-4B06-B603-E642F34F3058}.Release|Any CPU.Build.0 = Release|Any CPU
		{C7674361-3D01-428D-8D9E-23E465D4A1F6}.Debug|Any CPU.ActiveCfg = Debug|Any CPU
		{C7674361-3D01-428D-8D9E-23E465D4A1F6}.Debug|Any CPU.Build.0 = Debug|Any CPU
		{C7674361-3D01-428D-8D9E-23E465D4A1F6}.Release|Any CPU.ActiveCfg = Release|Any CPU
		{C7674361-3D01-428D-8D9E-23E465D4A1F6}.Release|Any CPU.Build.0 = Release|Any CPU
		{3326EC94-0548-4431-A109-27FB90DC52F4}.Debug|Any CPU.ActiveCfg = Debug|Any CPU
		{3326EC94-0548-4431-A109-27FB90DC52F4}.Debug|Any CPU.Build.0 = Debug|Any CPU
		{3326EC94-0548-4431-A109-27FB90DC52F4}.Release|Any CPU.ActiveCfg = Release|Any CPU
		{3326EC94-0548-4431-A109-27FB90DC52F4}.Release|Any CPU.Build.0 = Release|Any CPU
		{D1E19970-ED5C-448D-898F-0A98B93224A8}.Debug|Any CPU.ActiveCfg = Debug|Any CPU
		{D1E19970-ED5C-448D-898F-0A98B93224A8}.Debug|Any CPU.Build.0 = Debug|Any CPU
		{D1E19970-ED5C-448D-898F-0A98B93224A8}.Release|Any CPU.ActiveCfg = Release|Any CPU
		{D1E19970-ED5C-448D-898F-0A98B93224A8}.Release|Any CPU.Build.0 = Release|Any CPU
		{75A7F209-9DCF-4E5F-9AEE-0C63DD288FEC}.Debug|Any CPU.ActiveCfg = Debug|Any CPU
		{75A7F209-9DCF-4E5F-9AEE-0C63DD288FEC}.Debug|Any CPU.Build.0 = Debug|Any CPU
		{75A7F209-9DCF-4E5F-9AEE-0C63DD288FEC}.Release|Any CPU.ActiveCfg = Release|Any CPU
		{75A7F209-9DCF-4E5F-9AEE-0C63DD288FEC}.Release|Any CPU.Build.0 = Release|Any CPU
		{17CDCA10-F80B-4BE9-BDC6-F9193A3F230B}.Debug|Any CPU.ActiveCfg = Debug|Any CPU
		{17CDCA10-F80B-4BE9-BDC6-F9193A3F230B}.Debug|Any CPU.Build.0 = Debug|Any CPU
		{17CDCA10-F80B-4BE9-BDC6-F9193A3F230B}.Release|Any CPU.ActiveCfg = Release|Any CPU
		{17CDCA10-F80B-4BE9-BDC6-F9193A3F230B}.Release|Any CPU.Build.0 = Release|Any CPU
		{DE35A70C-8BC2-405F-BBFB-A3345ED57BD8}.Debug|Any CPU.ActiveCfg = Debug|Any CPU
		{DE35A70C-8BC2-405F-BBFB-A3345ED57BD8}.Debug|Any CPU.Build.0 = Debug|Any CPU
		{DE35A70C-8BC2-405F-BBFB-A3345ED57BD8}.Release|Any CPU.ActiveCfg = Release|Any CPU
		{DE35A70C-8BC2-405F-BBFB-A3345ED57BD8}.Release|Any CPU.Build.0 = Release|Any CPU
		{62DE4967-594F-417A-BBAB-44C31112F02D}.Debug|Any CPU.ActiveCfg = Debug|Any CPU
		{62DE4967-594F-417A-BBAB-44C31112F02D}.Debug|Any CPU.Build.0 = Debug|Any CPU
		{62DE4967-594F-417A-BBAB-44C31112F02D}.Release|Any CPU.ActiveCfg = Release|Any CPU
		{62DE4967-594F-417A-BBAB-44C31112F02D}.Release|Any CPU.Build.0 = Release|Any CPU
		{84F94B1B-1E93-4241-9733-9707BD8AD247}.Debug|Any CPU.ActiveCfg = Debug|Any CPU
		{84F94B1B-1E93-4241-9733-9707BD8AD247}.Debug|Any CPU.Build.0 = Debug|Any CPU
		{84F94B1B-1E93-4241-9733-9707BD8AD247}.Release|Any CPU.ActiveCfg = Release|Any CPU
		{84F94B1B-1E93-4241-9733-9707BD8AD247}.Release|Any CPU.Build.0 = Release|Any CPU
		{CE287B0F-7194-44C3-AFE0-ECE5D157D3FC}.Debug|Any CPU.ActiveCfg = Debug|Any CPU
		{CE287B0F-7194-44C3-AFE0-ECE5D157D3FC}.Debug|Any CPU.Build.0 = Debug|Any CPU
		{CE287B0F-7194-44C3-AFE0-ECE5D157D3FC}.Release|Any CPU.ActiveCfg = Release|Any CPU
		{CE287B0F-7194-44C3-AFE0-ECE5D157D3FC}.Release|Any CPU.Build.0 = Release|Any CPU
		{22236321-864F-47D2-B772-789F89F50DD0}.Debug|Any CPU.ActiveCfg = Debug|Any CPU
		{22236321-864F-47D2-B772-789F89F50DD0}.Debug|Any CPU.Build.0 = Debug|Any CPU
		{22236321-864F-47D2-B772-789F89F50DD0}.Release|Any CPU.ActiveCfg = Release|Any CPU
		{22236321-864F-47D2-B772-789F89F50DD0}.Release|Any CPU.Build.0 = Release|Any CPU
		{4B10C4F9-FC86-4EC0-B148-12F8FD72A98A}.Debug|Any CPU.ActiveCfg = Debug|Any CPU
		{4B10C4F9-FC86-4EC0-B148-12F8FD72A98A}.Debug|Any CPU.Build.0 = Debug|Any CPU
		{4B10C4F9-FC86-4EC0-B148-12F8FD72A98A}.Release|Any CPU.ActiveCfg = Release|Any CPU
		{4B10C4F9-FC86-4EC0-B148-12F8FD72A98A}.Release|Any CPU.Build.0 = Release|Any CPU
		{C173110B-DB0C-4344-A9C3-9764FCC250F5}.Debug|Any CPU.ActiveCfg = Debug|Any CPU
		{C173110B-DB0C-4344-A9C3-9764FCC250F5}.Debug|Any CPU.Build.0 = Debug|Any CPU
		{C173110B-DB0C-4344-A9C3-9764FCC250F5}.Release|Any CPU.ActiveCfg = Release|Any CPU
		{C173110B-DB0C-4344-A9C3-9764FCC250F5}.Release|Any CPU.Build.0 = Release|Any CPU
		{47C1EA9D-40CA-4B71-8396-97133B2462C1}.Debug|Any CPU.ActiveCfg = Debug|Any CPU
		{47C1EA9D-40CA-4B71-8396-97133B2462C1}.Debug|Any CPU.Build.0 = Debug|Any CPU
		{47C1EA9D-40CA-4B71-8396-97133B2462C1}.Release|Any CPU.ActiveCfg = Release|Any CPU
		{47C1EA9D-40CA-4B71-8396-97133B2462C1}.Release|Any CPU.Build.0 = Release|Any CPU
		{07B08E94-0E67-4EBD-8275-A29B34791346}.Debug|Any CPU.ActiveCfg = Debug|Any CPU
		{07B08E94-0E67-4EBD-8275-A29B34791346}.Debug|Any CPU.Build.0 = Debug|Any CPU
		{07B08E94-0E67-4EBD-8275-A29B34791346}.Release|Any CPU.ActiveCfg = Release|Any CPU
		{07B08E94-0E67-4EBD-8275-A29B34791346}.Release|Any CPU.Build.0 = Release|Any CPU
		{2BFACDC3-F44D-4199-8498-F5C3C4AC0335}.Debug|Any CPU.ActiveCfg = Debug|Any CPU
		{2BFACDC3-F44D-4199-8498-F5C3C4AC0335}.Debug|Any CPU.Build.0 = Debug|Any CPU
		{2BFACDC3-F44D-4199-8498-F5C3C4AC0335}.Release|Any CPU.ActiveCfg = Release|Any CPU
		{2BFACDC3-F44D-4199-8498-F5C3C4AC0335}.Release|Any CPU.Build.0 = Release|Any CPU
		{E461C0A8-8900-485C-B520-E929BA33F712}.Debug|Any CPU.ActiveCfg = Debug|Any CPU
		{E461C0A8-8900-485C-B520-E929BA33F712}.Debug|Any CPU.Build.0 = Debug|Any CPU
		{E461C0A8-8900-485C-B520-E929BA33F712}.Release|Any CPU.ActiveCfg = Release|Any CPU
		{E461C0A8-8900-485C-B520-E929BA33F712}.Release|Any CPU.Build.0 = Release|Any CPU
		{0C04847F-4527-46CA-B55F-1199E2F0CDA2}.Debug|Any CPU.ActiveCfg = Debug|Any CPU
		{0C04847F-4527-46CA-B55F-1199E2F0CDA2}.Debug|Any CPU.Build.0 = Debug|Any CPU
		{0C04847F-4527-46CA-B55F-1199E2F0CDA2}.Release|Any CPU.ActiveCfg = Release|Any CPU
		{0C04847F-4527-46CA-B55F-1199E2F0CDA2}.Release|Any CPU.Build.0 = Release|Any CPU
		{CBAD162E-7FA9-4B0F-8C11-8671FE973A44}.Debug|Any CPU.ActiveCfg = Debug|Any CPU
		{CBAD162E-7FA9-4B0F-8C11-8671FE973A44}.Debug|Any CPU.Build.0 = Debug|Any CPU
		{CBAD162E-7FA9-4B0F-8C11-8671FE973A44}.Release|Any CPU.ActiveCfg = Release|Any CPU
		{CBAD162E-7FA9-4B0F-8C11-8671FE973A44}.Release|Any CPU.Build.0 = Release|Any CPU
		{15D78CA0-3E71-4081-B92E-0F8404B68438}.Debug|Any CPU.ActiveCfg = Debug|Any CPU
		{15D78CA0-3E71-4081-B92E-0F8404B68438}.Debug|Any CPU.Build.0 = Debug|Any CPU
		{15D78CA0-3E71-4081-B92E-0F8404B68438}.Release|Any CPU.ActiveCfg = Release|Any CPU
		{15D78CA0-3E71-4081-B92E-0F8404B68438}.Release|Any CPU.Build.0 = Release|Any CPU
		{007DF01A-8036-4A5F-8287-98863BA1F8F0}.Debug|Any CPU.ActiveCfg = Debug|Any CPU
		{007DF01A-8036-4A5F-8287-98863BA1F8F0}.Debug|Any CPU.Build.0 = Debug|Any CPU
		{007DF01A-8036-4A5F-8287-98863BA1F8F0}.Release|Any CPU.ActiveCfg = Release|Any CPU
		{007DF01A-8036-4A5F-8287-98863BA1F8F0}.Release|Any CPU.Build.0 = Release|Any CPU
		{DC8BC901-D656-4553-9792-E6E5ACB5BC8D}.Debug|Any CPU.ActiveCfg = Debug|Any CPU
		{DC8BC901-D656-4553-9792-E6E5ACB5BC8D}.Debug|Any CPU.Build.0 = Debug|Any CPU
		{DC8BC901-D656-4553-9792-E6E5ACB5BC8D}.Release|Any CPU.ActiveCfg = Release|Any CPU
		{DC8BC901-D656-4553-9792-E6E5ACB5BC8D}.Release|Any CPU.Build.0 = Release|Any CPU
		{CFA8F174-07B3-4439-8B0B-373E392BA1A6}.Debug|Any CPU.ActiveCfg = Debug|Any CPU
		{CFA8F174-07B3-4439-8B0B-373E392BA1A6}.Debug|Any CPU.Build.0 = Debug|Any CPU
		{CFA8F174-07B3-4439-8B0B-373E392BA1A6}.Release|Any CPU.ActiveCfg = Release|Any CPU
		{CFA8F174-07B3-4439-8B0B-373E392BA1A6}.Release|Any CPU.Build.0 = Release|Any CPU
		{2971B446-BC37-412C-A8A3-7E138962EE1B}.Debug|Any CPU.ActiveCfg = Debug|Any CPU
		{2971B446-BC37-412C-A8A3-7E138962EE1B}.Debug|Any CPU.Build.0 = Debug|Any CPU
		{2971B446-BC37-412C-A8A3-7E138962EE1B}.Release|Any CPU.ActiveCfg = Release|Any CPU
		{2971B446-BC37-412C-A8A3-7E138962EE1B}.Release|Any CPU.Build.0 = Release|Any CPU
		{332D0E38-E9A7-4151-A970-2956BC36F11E}.Debug|Any CPU.ActiveCfg = Debug|Any CPU
		{332D0E38-E9A7-4151-A970-2956BC36F11E}.Debug|Any CPU.Build.0 = Debug|Any CPU
		{332D0E38-E9A7-4151-A970-2956BC36F11E}.Release|Any CPU.ActiveCfg = Release|Any CPU
		{332D0E38-E9A7-4151-A970-2956BC36F11E}.Release|Any CPU.Build.0 = Release|Any CPU
		{F32B500D-2971-4FEA-A46D-F4A266B8AEEA}.Debug|Any CPU.ActiveCfg = Debug|Any CPU
		{F32B500D-2971-4FEA-A46D-F4A266B8AEEA}.Debug|Any CPU.Build.0 = Debug|Any CPU
		{F32B500D-2971-4FEA-A46D-F4A266B8AEEA}.Release|Any CPU.ActiveCfg = Release|Any CPU
		{F32B500D-2971-4FEA-A46D-F4A266B8AEEA}.Release|Any CPU.Build.0 = Release|Any CPU
		{BD3D0A5C-949B-45DA-A7BC-F0F3D887BD79}.Debug|Any CPU.ActiveCfg = Debug|Any CPU
		{BD3D0A5C-949B-45DA-A7BC-F0F3D887BD79}.Debug|Any CPU.Build.0 = Debug|Any CPU
		{BD3D0A5C-949B-45DA-A7BC-F0F3D887BD79}.Release|Any CPU.ActiveCfg = Release|Any CPU
		{BD3D0A5C-949B-45DA-A7BC-F0F3D887BD79}.Release|Any CPU.Build.0 = Release|Any CPU
		{7A8B87C1-07DC-4CD0-864D-B6DB50521FFB}.Debug|Any CPU.ActiveCfg = Debug|Any CPU
		{7A8B87C1-07DC-4CD0-864D-B6DB50521FFB}.Debug|Any CPU.Build.0 = Debug|Any CPU
		{7A8B87C1-07DC-4CD0-864D-B6DB50521FFB}.Release|Any CPU.ActiveCfg = Release|Any CPU
		{7A8B87C1-07DC-4CD0-864D-B6DB50521FFB}.Release|Any CPU.Build.0 = Release|Any CPU
		{ACE83F9D-AA61-4D14-BA81-B52DAA12706F}.Debug|Any CPU.ActiveCfg = Debug|Any CPU
		{ACE83F9D-AA61-4D14-BA81-B52DAA12706F}.Debug|Any CPU.Build.0 = Debug|Any CPU
		{ACE83F9D-AA61-4D14-BA81-B52DAA12706F}.Release|Any CPU.ActiveCfg = Release|Any CPU
		{ACE83F9D-AA61-4D14-BA81-B52DAA12706F}.Release|Any CPU.Build.0 = Release|Any CPU
		{4D937857-6619-4F16-B523-5F2B15D440B5}.Debug|Any CPU.ActiveCfg = Debug|Any CPU
		{4D937857-6619-4F16-B523-5F2B15D440B5}.Debug|Any CPU.Build.0 = Debug|Any CPU
		{4D937857-6619-4F16-B523-5F2B15D440B5}.Release|Any CPU.ActiveCfg = Release|Any CPU
		{4D937857-6619-4F16-B523-5F2B15D440B5}.Release|Any CPU.Build.0 = Release|Any CPU
		{FF5FDF98-776C-43E6-86B9-B8B2B8A8720C}.Debug|Any CPU.ActiveCfg = Debug|Any CPU
		{FF5FDF98-776C-43E6-86B9-B8B2B8A8720C}.Debug|Any CPU.Build.0 = Debug|Any CPU
		{FF5FDF98-776C-43E6-86B9-B8B2B8A8720C}.Release|Any CPU.ActiveCfg = Release|Any CPU
		{FF5FDF98-776C-43E6-86B9-B8B2B8A8720C}.Release|Any CPU.Build.0 = Release|Any CPU
		{531F94B5-375F-48E6-9897-8B1BFD2F8798}.Debug|Any CPU.ActiveCfg = Debug|Any CPU
		{531F94B5-375F-48E6-9897-8B1BFD2F8798}.Debug|Any CPU.Build.0 = Debug|Any CPU
		{531F94B5-375F-48E6-9897-8B1BFD2F8798}.Release|Any CPU.ActiveCfg = Release|Any CPU
		{531F94B5-375F-48E6-9897-8B1BFD2F8798}.Release|Any CPU.Build.0 = Release|Any CPU
	EndGlobalSection
	GlobalSection(SolutionProperties) = preSolution
		HideSolutionNode = FALSE
	EndGlobalSection
	GlobalSection(NestedProjects) = preSolution
		{30B24D20-AC66-4B1D-A6A9-58084C39B672} = {2238F7C0-21FF-4C16-96D7-5D7A43497FC3}
		{19A0A9AC-684E-4FF5-8957-7336EEDAB53B} = {2238F7C0-21FF-4C16-96D7-5D7A43497FC3}
		{6E12030E-606E-4949-BFAC-5A5A1F94E75E} = {2238F7C0-21FF-4C16-96D7-5D7A43497FC3}
		{5868125E-911F-4C61-A222-F45129AF8BD5} = {B6121D87-29AD-4E9E-AF70-1940A4550D19}
		{5FD6C0C6-059E-49BB-8DBD-B50C8F2EE5C1} = {CB724F4C-0241-47DF-9F0A-8EE7B874985E}
		{090EBAD7-9F6D-4A0E-AC93-81CA6F68E1ED} = {5FD6C0C6-059E-49BB-8DBD-B50C8F2EE5C1}
		{84A511CE-56A7-48F9-A632-54763BD550E5} = {CB724F4C-0241-47DF-9F0A-8EE7B874985E}
		{513821E5-BE39-4516-9921-766D501DDC82} = {84A511CE-56A7-48F9-A632-54763BD550E5}
		{3587B906-9022-4352-90A4-55B285E1DEB1} = {CB724F4C-0241-47DF-9F0A-8EE7B874985E}
		{5753DFA6-BDFD-4A21-BF50-15A7F66FA8FD} = {3587B906-9022-4352-90A4-55B285E1DEB1}
		{22390885-2718-4B2B-BEB6-FF6B5C3F870F} = {3587B906-9022-4352-90A4-55B285E1DEB1}
		{B5764BD4-72C1-4E52-98F1-E9857579AD79} = {3587B906-9022-4352-90A4-55B285E1DEB1}
		{9F4E6B94-BF80-46CC-B49B-99FB9ECBB517} = {2238F7C0-21FF-4C16-96D7-5D7A43497FC3}
		{CF51B97F-EF2B-4461-B47D-5FA77E3D9219} = {FFE557E8-5598-482D-BC0C-E16EDCE6A7FE}
		{4DBEB27A-C70A-402B-97FD-C018CF5DE33F} = {FFE557E8-5598-482D-BC0C-E16EDCE6A7FE}
		{9677C76E-A12A-4B06-B603-E642F34F3058} = {FFE557E8-5598-482D-BC0C-E16EDCE6A7FE}
		{46A221EB-9221-4FC5-A386-64E63101AEEB} = {FFE557E8-5598-482D-BC0C-E16EDCE6A7FE}
		{C7674361-3D01-428D-8D9E-23E465D4A1F6} = {46A221EB-9221-4FC5-A386-64E63101AEEB}
		{3326EC94-0548-4431-A109-27FB90DC52F4} = {46A221EB-9221-4FC5-A386-64E63101AEEB}
		{D8094D17-4057-4E49-9390-5956B2ACC2CC} = {C248D3F7-38E6-4C00-B5E3-6405226749EF}
		{D1E19970-ED5C-448D-898F-0A98B93224A8} = {D8094D17-4057-4E49-9390-5956B2ACC2CC}
		{9B3A75E7-F7F5-4556-981E-121DCC5D6C94} = {C248D3F7-38E6-4C00-B5E3-6405226749EF}
		{75A7F209-9DCF-4E5F-9AEE-0C63DD288FEC} = {9B3A75E7-F7F5-4556-981E-121DCC5D6C94}
		{BFDEBC99-23D2-43D0-86AD-A2DDCDE5230B} = {C248D3F7-38E6-4C00-B5E3-6405226749EF}
		{17CDCA10-F80B-4BE9-BDC6-F9193A3F230B} = {BFDEBC99-23D2-43D0-86AD-A2DDCDE5230B}
		{DE35A70C-8BC2-405F-BBFB-A3345ED57BD8} = {BFDEBC99-23D2-43D0-86AD-A2DDCDE5230B}
		{62DE4967-594F-417A-BBAB-44C31112F02D} = {B25B0B3B-49DC-4AB6-BDF7-ACC0BBA0BA7C}
		{84F94B1B-1E93-4241-9733-9707BD8AD247} = {B25B0B3B-49DC-4AB6-BDF7-ACC0BBA0BA7C}
		{CE287B0F-7194-44C3-AFE0-ECE5D157D3FC} = {B25B0B3B-49DC-4AB6-BDF7-ACC0BBA0BA7C}
		{22236321-864F-47D2-B772-789F89F50DD0} = {B25B0B3B-49DC-4AB6-BDF7-ACC0BBA0BA7C}
		{4B10C4F9-FC86-4EC0-B148-12F8FD72A98A} = {6678D6D9-442B-4AEB-BF99-C1D76A14B438}
		{C173110B-DB0C-4344-A9C3-9764FCC250F5} = {6678D6D9-442B-4AEB-BF99-C1D76A14B438}
		{6BDD0D4F-C349-4443-B18A-E66AFC21195C} = {6678D6D9-442B-4AEB-BF99-C1D76A14B438}
		{47C1EA9D-40CA-4B71-8396-97133B2462C1} = {6BDD0D4F-C349-4443-B18A-E66AFC21195C}
		{07B08E94-0E67-4EBD-8275-A29B34791346} = {6BDD0D4F-C349-4443-B18A-E66AFC21195C}
		{2BFACDC3-F44D-4199-8498-F5C3C4AC0335} = {6A2B46B9-8BBE-4D6A-BC39-8BCE33E881A8}
		{E461C0A8-8900-485C-B520-E929BA33F712} = {6A2B46B9-8BBE-4D6A-BC39-8BCE33E881A8}
		{0C04847F-4527-46CA-B55F-1199E2F0CDA2} = {CBBE94AD-9C7E-4516-96F2-D4BB1315FF74}
		{CBAD162E-7FA9-4B0F-8C11-8671FE973A44} = {CBBE94AD-9C7E-4516-96F2-D4BB1315FF74}
		{15D78CA0-3E71-4081-B92E-0F8404B68438} = {CBBE94AD-9C7E-4516-96F2-D4BB1315FF74}
		{812D7A65-B687-4EB5-AB2C-7BDE5305C35A} = {CBBE94AD-9C7E-4516-96F2-D4BB1315FF74}
		{007DF01A-8036-4A5F-8287-98863BA1F8F0} = {812D7A65-B687-4EB5-AB2C-7BDE5305C35A}
		{DC8BC901-D656-4553-9792-E6E5ACB5BC8D} = {812D7A65-B687-4EB5-AB2C-7BDE5305C35A}
		{0846B665-D50B-43EA-90E1-79E702510C8D} = {475175BC-D88D-4FA4-A430-1331FAB6DEF4}
		{CFA8F174-07B3-4439-8B0B-373E392BA1A6} = {0846B665-D50B-43EA-90E1-79E702510C8D}
		{2971B446-BC37-412C-A8A3-7E138962EE1B} = {0846B665-D50B-43EA-90E1-79E702510C8D}
		{332D0E38-E9A7-4151-A970-2956BC36F11E} = {0846B665-D50B-43EA-90E1-79E702510C8D}
		{89CCE181-AE98-4EFC-8156-5CDD6EBC4D3B} = {475175BC-D88D-4FA4-A430-1331FAB6DEF4}
		{F32B500D-2971-4FEA-A46D-F4A266B8AEEA} = {89CCE181-AE98-4EFC-8156-5CDD6EBC4D3B}
		{BD3D0A5C-949B-45DA-A7BC-F0F3D887BD79} = {92EC7880-838D-4C39-B648-0C7312400BC0}
		{7A8B87C1-07DC-4CD0-864D-B6DB50521FFB} = {14392208-DE77-4644-B074-9FD0D80F53FC}
		{ACE83F9D-AA61-4D14-BA81-B52DAA12706F} = {1BF280C8-65E7-4722-ADDD-849198C21F25}
		{4D937857-6619-4F16-B523-5F2B15D440B5} = {1BF280C8-65E7-4722-ADDD-849198C21F25}
		{FF5FDF98-776C-43E6-86B9-B8B2B8A8720C} = {1BF280C8-65E7-4722-ADDD-849198C21F25}
		{531F94B5-375F-48E6-9897-8B1BFD2F8798} = {92EC7880-838D-4C39-B648-0C7312400BC0}
	EndGlobalSection
	GlobalSection(ExtensibilityGlobals) = postSolution
		SolutionGuid = {6A7DDD1B-62C2-4CA9-B6CC-42150DDD2519}
	EndGlobalSection
EndGlobal
