
Microsoft Visual Studio Solution File, Format Version 12.00
# Visual Studio Version 16
VisualStudioVersion = 16.0.32228.343
MinimumVisualStudioVersion = 10.0.40219.1
Project("{2150E333-8FDC-42A3-9474-1A3956D46DE8}") = "Sample", "Sample", "{2238F7C0-21FF-4C16-96D7-5D7A43497FC3}"
EndProject
Project("{FAE04EC0-301F-11D3-BF4B-00C04F79EFBC}") = "ConsoleApp0411", "Sample\ConsoleApp0411\ConsoleApp0411.csproj", "{30B24D20-AC66-4B1D-A6A9-58084C39B672}"
EndProject
Project("{FAE04EC0-301F-11D3-BF4B-00C04F79EFBC}") = "WindowsFormsApp1", "Sample\WindowsFormsApp1\WindowsFormsApp1.csproj", "{19A0A9AC-684E-4FF5-8957-7336EEDAB53B}"
EndProject
Project("{FAE04EC0-301F-11D3-BF4B-00C04F79EFBC}") = "BallApp", "Sample\BallApp\BallApp.csproj", "{6E12030E-606E-4949-BFAC-5A5A1F94E75E}"
EndProject
Project("{2150E333-8FDC-42A3-9474-1A3956D46DE8}") = "Chapter01", "Chapter01", "{B6121D87-29AD-4E9E-AF70-1940A4550D19}"
EndProject
Project("{FAE04EC0-301F-11D3-BF4B-00C04F79EFBC}") = "ProductSample", "Chapter01\Product\ProductSample.csproj", "{5868125E-911F-4C61-A222-F45129AF8BD5}"
EndProject
Project("{2150E333-8FDC-42A3-9474-1A3956D46DE8}") = "Chapter02", "Chapter02", "{CB724F4C-0241-47DF-9F0A-8EE7B874985E}"
EndProject
Project("{2150E333-8FDC-42A3-9474-1A3956D46DE8}") = "距離換算プログラム", "距離換算プログラム", "{5FD6C0C6-059E-49BB-8DBD-B50C8F2EE5C1}"
EndProject
Project("{FAE04EC0-301F-11D3-BF4B-00C04F79EFBC}") = "DistanceConveter", "Chapter02\距離換算プログラム\DistanceConveter\DistanceConveter.csproj", "{090EBAD7-9F6D-4A0E-AC93-81CA6F68E1ED}"
EndProject
Project("{2150E333-8FDC-42A3-9474-1A3956D46DE8}") = "売り上げ集計プログラム", "売り上げ集計プログラム", "{84A511CE-56A7-48F9-A632-54763BD550E5}"
EndProject
Project("{FAE04EC0-301F-11D3-BF4B-00C04F79EFBC}") = "SalesCalculator", "Chapter02\売り上げ集計プログラム\SalesCalculator\SalesCalculator.csproj", "{513821E5-BE39-4516-9921-766D501DDC82}"
EndProject
Project("{2150E333-8FDC-42A3-9474-1A3956D46DE8}") = "演習問題", "演習問題", "{3587B906-9022-4352-90A4-55B285E1DEB1}"
EndProject
Project("{FAE04EC0-301F-11D3-BF4B-00C04F79EFBC}") = "Exercise01", "Chapter02\演習問題\Exercise01\Exercise01.csproj", "{5753DFA6-BDFD-4A21-BF50-15A7F66FA8FD}"
EndProject
Project("{FAE04EC0-301F-11D3-BF4B-00C04F79EFBC}") = "Exercise02", "Chapter02\演習問題\Exercise02\Exercise02.csproj", "{22390885-2718-4B2B-BEB6-FF6B5C3F870F}"
EndProject
Project("{FAE04EC0-301F-11D3-BF4B-00C04F79EFBC}") = "Exercise03", "Chapter02\演習問題\Exercise03\Exercise03\Exercise03.csproj", "{B5764BD4-72C1-4E52-98F1-E9857579AD79}"
EndProject
Project("{2150E333-8FDC-42A3-9474-1A3956D46DE8}") = "Chapter03", "Chapter03", "{9F4E6B94-BF80-46CC-B49B-99FB9ECBB517}"
EndProject
Project("{2150E333-8FDC-42A3-9474-1A3956D46DE8}") = "Chapter03", "Chapter03", "{FFE557E8-5598-482D-BC0C-E16EDCE6A7FE}"
EndProject
Project("{FAE04EC0-301F-11D3-BF4B-00C04F79EFBC}") = "Section01", "Chapter03\Section01\Section01.csproj", "{CF51B97F-EF2B-4461-B47D-5FA77E3D9219}"
EndProject
Global
	GlobalSection(SolutionConfigurationPlatforms) = preSolution
		Debug|Any CPU = Debug|Any CPU
		Release|Any CPU = Release|Any CPU
	EndGlobalSection
	GlobalSection(ProjectConfigurationPlatforms) = postSolution
		{30B24D20-AC66-4B1D-A6A9-58084C39B672}.Debug|Any CPU.ActiveCfg = Debug|Any CPU
		{30B24D20-AC66-4B1D-A6A9-58084C39B672}.Debug|Any CPU.Build.0 = Debug|Any CPU
		{30B24D20-AC66-4B1D-A6A9-58084C39B672}.Release|Any CPU.ActiveCfg = Release|Any CPU
		{30B24D20-AC66-4B1D-A6A9-58084C39B672}.Release|Any CPU.Build.0 = Release|Any CPU
		{19A0A9AC-684E-4FF5-8957-7336EEDAB53B}.Debug|Any CPU.ActiveCfg = Debug|Any CPU
		{19A0A9AC-684E-4FF5-8957-7336EEDAB53B}.Debug|Any CPU.Build.0 = Debug|Any CPU
		{19A0A9AC-684E-4FF5-8957-7336EEDAB53B}.Release|Any CPU.ActiveCfg = Release|Any CPU
		{19A0A9AC-684E-4FF5-8957-7336EEDAB53B}.Release|Any CPU.Build.0 = Release|Any CPU
		{6E12030E-606E-4949-BFAC-5A5A1F94E75E}.Debug|Any CPU.ActiveCfg = Debug|Any CPU
		{6E12030E-606E-4949-BFAC-5A5A1F94E75E}.Debug|Any CPU.Build.0 = Debug|Any CPU
		{6E12030E-606E-4949-BFAC-5A5A1F94E75E}.Release|Any CPU.ActiveCfg = Release|Any CPU
		{6E12030E-606E-4949-BFAC-5A5A1F94E75E}.Release|Any CPU.Build.0 = Release|Any CPU
		{5868125E-911F-4C61-A222-F45129AF8BD5}.Debug|Any CPU.ActiveCfg = Debug|Any CPU
		{5868125E-911F-4C61-A222-F45129AF8BD5}.Debug|Any CPU.Build.0 = Debug|Any CPU
		{5868125E-911F-4C61-A222-F45129AF8BD5}.Release|Any CPU.ActiveCfg = Release|Any CPU
		{5868125E-911F-4C61-A222-F45129AF8BD5}.Release|Any CPU.Build.0 = Release|Any CPU
		{090EBAD7-9F6D-4A0E-AC93-81CA6F68E1ED}.Debug|Any CPU.ActiveCfg = Debug|Any CPU
		{090EBAD7-9F6D-4A0E-AC93-81CA6F68E1ED}.Debug|Any CPU.Build.0 = Debug|Any CPU
		{090EBAD7-9F6D-4A0E-AC93-81CA6F68E1ED}.Release|Any CPU.ActiveCfg = Release|Any CPU
		{090EBAD7-9F6D-4A0E-AC93-81CA6F68E1ED}.Release|Any CPU.Build.0 = Release|Any CPU
		{513821E5-BE39-4516-9921-766D501DDC82}.Debug|Any CPU.ActiveCfg = Debug|Any CPU
		{513821E5-BE39-4516-9921-766D501DDC82}.Debug|Any CPU.Build.0 = Debug|Any CPU
		{513821E5-BE39-4516-9921-766D501DDC82}.Release|Any CPU.ActiveCfg = Release|Any CPU
		{513821E5-BE39-4516-9921-766D501DDC82}.Release|Any CPU.Build.0 = Release|Any CPU
		{5753DFA6-BDFD-4A21-BF50-15A7F66FA8FD}.Debug|Any CPU.ActiveCfg = Debug|Any CPU
		{5753DFA6-BDFD-4A21-BF50-15A7F66FA8FD}.Debug|Any CPU.Build.0 = Debug|Any CPU
		{5753DFA6-BDFD-4A21-BF50-15A7F66FA8FD}.Release|Any CPU.ActiveCfg = Release|Any CPU
		{5753DFA6-BDFD-4A21-BF50-15A7F66FA8FD}.Release|Any CPU.Build.0 = Release|Any CPU
		{22390885-2718-4B2B-BEB6-FF6B5C3F870F}.Debug|Any CPU.ActiveCfg = Debug|Any CPU
		{22390885-2718-4B2B-BEB6-FF6B5C3F870F}.Debug|Any CPU.Build.0 = Debug|Any CPU
		{22390885-2718-4B2B-BEB6-FF6B5C3F870F}.Release|Any CPU.ActiveCfg = Release|Any CPU
		{22390885-2718-4B2B-BEB6-FF6B5C3F870F}.Release|Any CPU.Build.0 = Release|Any CPU
		{B5764BD4-72C1-4E52-98F1-E9857579AD79}.Debug|Any CPU.ActiveCfg = Debug|Any CPU
		{B5764BD4-72C1-4E52-98F1-E9857579AD79}.Debug|Any CPU.Build.0 = Debug|Any CPU
		{B5764BD4-72C1-4E52-98F1-E9857579AD79}.Release|Any CPU.ActiveCfg = Release|Any CPU
		{B5764BD4-72C1-4E52-98F1-E9857579AD79}.Release|Any CPU.Build.0 = Release|Any CPU
		{CF51B97F-EF2B-4461-B47D-5FA77E3D9219}.Debug|Any CPU.ActiveCfg = Debug|Any CPU
		{CF51B97F-EF2B-4461-B47D-5FA77E3D9219}.Debug|Any CPU.Build.0 = Debug|Any CPU
		{CF51B97F-EF2B-4461-B47D-5FA77E3D9219}.Release|Any CPU.ActiveCfg = Release|Any CPU
		{CF51B97F-EF2B-4461-B47D-5FA77E3D9219}.Release|Any CPU.Build.0 = Release|Any CPU
	EndGlobalSection
	GlobalSection(SolutionProperties) = preSolution
		HideSolutionNode = FALSE
	EndGlobalSection
	GlobalSection(NestedProjects) = preSolution
		{30B24D20-AC66-4B1D-A6A9-58084C39B672} = {2238F7C0-21FF-4C16-96D7-5D7A43497FC3}
		{19A0A9AC-684E-4FF5-8957-7336EEDAB53B} = {2238F7C0-21FF-4C16-96D7-5D7A43497FC3}
		{6E12030E-606E-4949-BFAC-5A5A1F94E75E} = {2238F7C0-21FF-4C16-96D7-5D7A43497FC3}
		{5868125E-911F-4C61-A222-F45129AF8BD5} = {B6121D87-29AD-4E9E-AF70-1940A4550D19}
		{5FD6C0C6-059E-49BB-8DBD-B50C8F2EE5C1} = {CB724F4C-0241-47DF-9F0A-8EE7B874985E}
		{090EBAD7-9F6D-4A0E-AC93-81CA6F68E1ED} = {5FD6C0C6-059E-49BB-8DBD-B50C8F2EE5C1}
		{84A511CE-56A7-48F9-A632-54763BD550E5} = {CB724F4C-0241-47DF-9F0A-8EE7B874985E}
		{513821E5-BE39-4516-9921-766D501DDC82} = {84A511CE-56A7-48F9-A632-54763BD550E5}
		{3587B906-9022-4352-90A4-55B285E1DEB1} = {CB724F4C-0241-47DF-9F0A-8EE7B874985E}
		{5753DFA6-BDFD-4A21-BF50-15A7F66FA8FD} = {3587B906-9022-4352-90A4-55B285E1DEB1}
		{22390885-2718-4B2B-BEB6-FF6B5C3F870F} = {3587B906-9022-4352-90A4-55B285E1DEB1}
		{B5764BD4-72C1-4E52-98F1-E9857579AD79} = {3587B906-9022-4352-90A4-55B285E1DEB1}
		{9F4E6B94-BF80-46CC-B49B-99FB9ECBB517} = {2238F7C0-21FF-4C16-96D7-5D7A43497FC3}
		{CF51B97F-EF2B-4461-B47D-5FA77E3D9219} = {FFE557E8-5598-482D-BC0C-E16EDCE6A7FE}
	EndGlobalSection
	GlobalSection(ExtensibilityGlobals) = postSolution
		SolutionGuid = {6A7DDD1B-62C2-4CA9-B6CC-42150DDD2519}
	EndGlobalSection
EndGlobal
